
Microsoft Visual Studio Solution File, Format Version 12.00
# Visual Studio 14
VisualStudioVersion = 14.0.22823.1
MinimumVisualStudioVersion = 10.0.40219.1
Project("{FAE04EC0-301F-11D3-BF4B-00C04F79EFBC}") = "RaptorContentObjectsSeeder", "RaptorContentObjectsSeeder\RaptorContentObjectsSeeder.csproj", "{24B77D27-8581-4475-841C-AB5607D90D4E}"
EndProject
Project("{FAE04EC0-301F-11D3-BF4B-00C04F79EFBC}") = "ImageUtilities", "ImageUtilities\ImageUtilities.csproj", "{02A5E23C-7373-43EF-8EEF-57D17A072575}"
EndProject
Project("{FAE04EC0-301F-11D3-BF4B-00C04F79EFBC}") = "ContentObjects", "ContentObjects\ContentObjects.csproj", "{5622264E-B345-445D-A14B-5F6DF88B00A3}"
EndProject
Project("{FAE04EC0-301F-11D3-BF4B-00C04F79EFBC}") = "FaceObjects", "Faces\FaceObjects.csproj", "{7AF1F1E5-34CC-4C65-AB22-744CECC37DE4}"
EndProject
Global
	GlobalSection(SolutionConfigurationPlatforms) = preSolution
		Debug|Any CPU = Debug|Any CPU
		Release|Any CPU = Release|Any CPU
	EndGlobalSection
	GlobalSection(ProjectConfigurationPlatforms) = postSolution
		{24B77D27-8581-4475-841C-AB5607D90D4E}.Debug|Any CPU.ActiveCfg = Debug|Any CPU
		{24B77D27-8581-4475-841C-AB5607D90D4E}.Debug|Any CPU.Build.0 = Debug|Any CPU
		{24B77D27-8581-4475-841C-AB5607D90D4E}.Release|Any CPU.ActiveCfg = Release|Any CPU
		{24B77D27-8581-4475-841C-AB5607D90D4E}.Release|Any CPU.Build.0 = Release|Any CPU
		{02A5E23C-7373-43EF-8EEF-57D17A072575}.Debug|Any CPU.ActiveCfg = Debug|Any CPU
		{02A5E23C-7373-43EF-8EEF-57D17A072575}.Debug|Any CPU.Build.0 = Debug|Any CPU
		{02A5E23C-7373-43EF-8EEF-57D17A072575}.Release|Any CPU.ActiveCfg = Release|Any CPU
		{02A5E23C-7373-43EF-8EEF-57D17A072575}.Release|Any CPU.Build.0 = Release|Any CPU
		{5622264E-B345-445D-A14B-5F6DF88B00A3}.Debug|Any CPU.ActiveCfg = Debug|Any CPU
		{5622264E-B345-445D-A14B-5F6DF88B00A3}.Debug|Any CPU.Build.0 = Debug|Any CPU
		{5622264E-B345-445D-A14B-5F6DF88B00A3}.Release|Any CPU.ActiveCfg = Release|Any CPU
		{5622264E-B345-445D-A14B-5F6DF88B00A3}.Release|Any CPU.Build.0 = Release|Any CPU
		{7AF1F1E5-34CC-4C65-AB22-744CECC37DE4}.Debug|Any CPU.ActiveCfg = Debug|Any CPU
		{7AF1F1E5-34CC-4C65-AB22-744CECC37DE4}.Debug|Any CPU.Build.0 = Debug|Any CPU
		{7AF1F1E5-34CC-4C65-AB22-744CECC37DE4}.Release|Any CPU.ActiveCfg = Release|Any CPU
		{7AF1F1E5-34CC-4C65-AB22-744CECC37DE4}.Release|Any CPU.Build.0 = Release|Any CPU
	EndGlobalSection
	GlobalSection(SolutionProperties) = preSolution
		HideSolutionNode = FALSE
	EndGlobalSection
EndGlobal
